
Microsoft Visual Studio Solution File, Format Version 12.00
# Visual Studio Version 17
VisualStudioVersion = 17.14.36109.1
MinimumVisualStudioVersion = 10.0.40219.1
Project("{2150E333-8FDC-42A3-9474-1A3956D46DE8}") = "Documentation", "Documentation", "{02EA681E-C7D8-13C7-8484-4AC65E1B71E8}"
	ProjectSection(SolutionItems) = preProject
		MqttTopicAttribute.md = MqttTopicAttribute.md
	EndProjectSection
EndProject
Project("{FAE04EC0-301F-11D3-BF4B-00C04F79EFBC}") = "Mqtt.net.ORM", "Mqtt.net.ORM\Mqtt.net.ORM.csproj", "{4031D045-CAEF-478F-A879-033D5661CCFC}"
EndProject
Global
	GlobalSection(SolutionConfigurationPlatforms) = preSolution
		Debug|Any CPU = Debug|Any CPU
		Release|Any CPU = Release|Any CPU
	EndGlobalSection
	GlobalSection(ProjectConfigurationPlatforms) = postSolution
		{4031D045-CAEF-478F-A879-033D5661CCFC}.Debug|Any CPU.ActiveCfg = Debug|Any CPU
		{4031D045-CAEF-478F-A879-033D5661CCFC}.Debug|Any CPU.Build.0 = Debug|Any CPU
		{4031D045-CAEF-478F-A879-033D5661CCFC}.Release|Any CPU.ActiveCfg = Release|Any CPU
		{4031D045-CAEF-478F-A879-033D5661CCFC}.Release|Any CPU.Build.0 = Release|Any CPU
	EndGlobalSection
	GlobalSection(SolutionProperties) = preSolution
		HideSolutionNode = FALSE
	EndGlobalSection
	GlobalSection(ExtensibilityGlobals) = postSolution
		SolutionGuid = {C105E014-5AE1-4ABB-A021-49EF26A94CD2}
	EndGlobalSection
EndGlobal
