Microsoft Visual Studio Solution File, Format Version 12.00
# Visual Studio Version 18
VisualStudioVersion = 18.8.12023.21 stable
MinimumVisualStudioVersion = 10.0.40219.1
Project("{FAE04EC0-301F-11D3-BF4B-00C04F79EFBC}") = "Demo", "Demo\Demo.csproj", "{19C9C5C8-3451-4E2A-8D45-91B22789A654}"
EndProject
Project("{FAE04EC0-301F-11D3-BF4B-00C04F79EFBC}") = "Net.Mqtt.Infrastructure", "Net.Mqtt.Infrastructure\Net.Mqtt.Infrastructure.csproj", "{8A004146-1D42-0602-A343-187B00946B0B}"
EndProject
Project("{FAE04EC0-301F-11D3-BF4B-00C04F79EFBC}") = "Mint.Webservice.Busisness1", "..\poc_mint_new_archi\Services\Mint.Webservice.Busisness1\Mint.Webservice.Busisness1.csproj", "{7F9579CA-D1D0-3A5F-F775-DD1A25B1C6AD}"
EndProject
Global
	GlobalSection(SolutionConfigurationPlatforms) = preSolution
		Debug|Any CPU = Debug|Any CPU
		Release|Any CPU = Release|Any CPU
	EndGlobalSection
	GlobalSection(ProjectConfigurationPlatforms) = postSolution
		{19C9C5C8-3451-4E2A-8D45-91B22789A654}.Debug|Any CPU.ActiveCfg = Debug|Any CPU
		{19C9C5C8-3451-4E2A-8D45-91B22789A654}.Debug|Any CPU.Build.0 = Debug|Any CPU
		{19C9C5C8-3451-4E2A-8D45-91B22789A654}.Release|Any CPU.ActiveCfg = Release|Any CPU
		{19C9C5C8-3451-4E2A-8D45-91B22789A654}.Release|Any CPU.Build.0 = Release|Any CPU
		{8A004146-1D42-0602-A343-187B00946B0B}.Debug|Any CPU.ActiveCfg = Debug|Any CPU
		{8A004146-1D42-0602-A343-187B00946B0B}.Debug|Any CPU.Build.0 = Debug|Any CPU
		{8A004146-1D42-0602-A343-187B00946B0B}.Release|Any CPU.ActiveCfg = Release|Any CPU
		{8A004146-1D42-0602-A343-187B00946B0B}.Release|Any CPU.Build.0 = Release|Any CPU
		{7F9579CA-D1D0-3A5F-F775-DD1A25B1C6AD}.Debug|Any CPU.ActiveCfg = Debug|Any CPU
		{7F9579CA-D1D0-3A5F-F775-DD1A25B1C6AD}.Debug|Any CPU.Build.0 = Debug|Any CPU
		{7F9579CA-D1D0-3A5F-F775-DD1A25B1C6AD}.Release|Any CPU.ActiveCfg = Release|Any CPU
		{7F9579CA-D1D0-3A5F-F775-DD1A25B1C6AD}.Release|Any CPU.Build.0 = Release|Any CPU
	EndGlobalSection
	GlobalSection(SolutionProperties) = preSolution
		HideSolutionNode = FALSE
	EndGlobalSection
	GlobalSection(ExtensibilityGlobals) = postSolution
		SolutionGuid = {C105E014-5AE1-4ABB-A021-49EF26A94CD2}
	EndGlobalSection
EndGlobal
